<Solution>
  <Folder Name="/src/">
    <Project Path="src/Nagare.Application/Nagare.Application.csproj" />
    <Project Path="src/Nagare.Domain/Nagare.Domain.csproj" />
    <Project Path="src/Nagare.Infrastructure/Nagare.Infrastructure.csproj" />
    <Project Path="src/Nagare.WinApp/Nagare.WinApp.csproj" />
  </Folder>
  <Folder Name="/tests/">
    <Project Path="tests/Nagare.UnitTests/Nagare.UnitTests.csproj" />
  </Folder>
</Solution>
